
Microsoft Visual Studio Solution File, Format Version 12.00
# Visual Studio Version 17
VisualStudioVersion = 17.14.36109.1 d17.14
MinimumVisualStudioVersion = 10.0.40219.1
Project("{FAE04EC0-301F-11D3-BF4B-00C04F79EFBC}") = "ErrorHandling.Web", "ErrorHandling.Web\ErrorHandling.Web.csproj", "{D1E4BF4A-7FDD-46C0-BFAD-711967282E51}"
EndProject
Global
	GlobalSection(SolutionConfigurationPlatforms) = preSolution
		Debug|Any CPU = Debug|Any CPU
		Release|Any CPU = Release|Any CPU
	EndGlobalSection
	GlobalSection(ProjectConfigurationPlatforms) = postSolution
		{D1E4BF4A-7FDD-46C0-BFAD-711967282E51}.Debug|Any CPU.ActiveCfg = Debug|Any CPU
		{D1E4BF4A-7FDD-46C0-BFAD-711967282E51}.Debug|Any CPU.Build.0 = Debug|Any CPU
		{D1E4BF4A-7FDD-46C0-BFAD-711967282E51}.Release|Any CPU.ActiveCfg = Release|Any CPU
		{D1E4BF4A-7FDD-46C0-BFAD-711967282E51}.Release|Any CPU.Build.0 = Release|Any CPU
	EndGlobalSection
	GlobalSection(SolutionProperties) = preSolution
		HideSolutionNode = FALSE
	EndGlobalSection
	GlobalSection(ExtensibilityGlobals) = postSolution
		SolutionGuid = {70120F96-5DD2-4344-9A49-AF5D984F93E4}
	EndGlobalSection
EndGlobal
